
Microsoft Visual Studio Solution File, Format Version 12.00
# Visual Studio 15
VisualStudioVersion = 15.0.28307.168
MinimumVisualStudioVersion = 10.0.40219.1
Project("{2150E333-8FDC-42A3-9474-1A3956D46DE8}") = "Tests", "Tests", "{E171CD5A-2421-4CC6-A908-E5DEFB81E92D}"
EndProject
Project("{9A19103F-16F7-4668-BE54-9A1E7A4F7556}") = "Linq2Shadow", "Linq2Shadow\Linq2Shadow.csproj", "{E8CDC576-6F85-4F6F-881C-DF723C87F20F}"
EndProject
Project("{9A19103F-16F7-4668-BE54-9A1E7A4F7556}") = "Linq2ShadowTests", "Linq2ShadowTests\Linq2ShadowTests.csproj", "{C78000E2-1C8B-4137-8DE4-53FDACCD536D}"
EndProject
Global
	GlobalSection(SolutionConfigurationPlatforms) = preSolution
		Debug|Any CPU = Debug|Any CPU
		Release|Any CPU = Release|Any CPU
	EndGlobalSection
	GlobalSection(ProjectConfigurationPlatforms) = postSolution
		{E8CDC576-6F85-4F6F-881C-DF723C87F20F}.Debug|Any CPU.ActiveCfg = Debug|Any CPU
		{E8CDC576-6F85-4F6F-881C-DF723C87F20F}.Debug|Any CPU.Build.0 = Debug|Any CPU
		{E8CDC576-6F85-4F6F-881C-DF723C87F20F}.Release|Any CPU.ActiveCfg = Release|Any CPU
		{E8CDC576-6F85-4F6F-881C-DF723C87F20F}.Release|Any CPU.Build.0 = Release|Any CPU
		{C78000E2-1C8B-4137-8DE4-53FDACCD536D}.Debug|Any CPU.ActiveCfg = Debug|Any CPU
		{C78000E2-1C8B-4137-8DE4-53FDACCD536D}.Debug|Any CPU.Build.0 = Debug|Any CPU
		{C78000E2-1C8B-4137-8DE4-53FDACCD536D}.Release|Any CPU.ActiveCfg = Release|Any CPU
		{C78000E2-1C8B-4137-8DE4-53FDACCD536D}.Release|Any CPU.Build.0 = Release|Any CPU
	EndGlobalSection
	GlobalSection(SolutionProperties) = preSolution
		HideSolutionNode = FALSE
	EndGlobalSection
	GlobalSection(NestedProjects) = preSolution
		{C78000E2-1C8B-4137-8DE4-53FDACCD536D} = {E171CD5A-2421-4CC6-A908-E5DEFB81E92D}
	EndGlobalSection
	GlobalSection(ExtensibilityGlobals) = postSolution
		SolutionGuid = {34E5604E-DDEB-423B-88B9-F2080329DF61}
	EndGlobalSection
EndGlobal
